
Microsoft Visual Studio Solution File, Format Version 12.00
# Visual Studio Version 16
VisualStudioVersion = 16.0.30611.23
MinimumVisualStudioVersion = 10.0.40219.1
Project("{FAE04EC0-301F-11D3-BF4B-00C04F79EFBC}") = "ForumDemo", "ForumDemo\ForumDemo.csproj", "{0E4C8E49-43A7-4F5A-B285-2F29116908AE}"
EndProject
Global
	GlobalSection(SolutionConfigurationPlatforms) = preSolution
		Debug|Any CPU = Debug|Any CPU
		Release|Any CPU = Release|Any CPU
	EndGlobalSection
	GlobalSection(ProjectConfigurationPlatforms) = postSolution
		{0E4C8E49-43A7-4F5A-B285-2F29116908AE}.Debug|Any CPU.ActiveCfg = Debug|Any CPU
		{0E4C8E49-43A7-4F5A-B285-2F29116908AE}.Debug|Any CPU.Build.0 = Debug|Any CPU
		{0E4C8E49-43A7-4F5A-B285-2F29116908AE}.Release|Any CPU.ActiveCfg = Release|Any CPU
		{0E4C8E49-43A7-4F5A-B285-2F29116908AE}.Release|Any CPU.Build.0 = Release|Any CPU
	EndGlobalSection
	GlobalSection(SolutionProperties) = preSolution
		HideSolutionNode = FALSE
	EndGlobalSection
	GlobalSection(ExtensibilityGlobals) = postSolution
		SolutionGuid = {162FF713-9105-48C9-A9F8-85B95AB5A397}
	EndGlobalSection
EndGlobal
